
Microsoft Visual Studio Solution File, Format Version 12.00
# Visual Studio Version 16
VisualStudioVersion = 16.0.31205.134
MinimumVisualStudioVersion = 10.0.40219.1
Project("{9A19103F-16F7-4668-BE54-9A1E7A4F7556}") = "PSA", "PSA\PSA.csproj", "{24BAB45F-2FCB-4A7D-86DA-5B832D911977}"
EndProject
Global
	GlobalSection(SolutionConfigurationPlatforms) = preSolution
		Debug|Any CPU = Debug|Any CPU
		Release|Any CPU = Release|Any CPU
	EndGlobalSection
	GlobalSection(ProjectConfigurationPlatforms) = postSolution
		{24BAB45F-2FCB-4A7D-86DA-5B832D911977}.Debug|Any CPU.ActiveCfg = Debug|Any CPU
		{24BAB45F-2FCB-4A7D-86DA-5B832D911977}.Debug|Any CPU.Build.0 = Debug|Any CPU
		{24BAB45F-2FCB-4A7D-86DA-5B832D911977}.Release|Any CPU.ActiveCfg = Release|Any CPU
		{24BAB45F-2FCB-4A7D-86DA-5B832D911977}.Release|Any CPU.Build.0 = Release|Any CPU
	EndGlobalSection
	GlobalSection(SolutionProperties) = preSolution
		HideSolutionNode = FALSE
	EndGlobalSection
	GlobalSection(ExtensibilityGlobals) = postSolution
		SolutionGuid = {4AC990D1-BBEA-4684-A24C-045EE49C7CDA}
	EndGlobalSection
EndGlobal
